
Microsoft Visual Studio Solution File, Format Version 12.00
# Visual Studio 2013
VisualStudioVersion = 12.0.21005.1
MinimumVisualStudioVersion = 10.0.40219.1
Project("{FAE04EC0-301F-11D3-BF4B-00C04F79EFBC}") = "LTMSWebApp", "LTMSWebApp\LTMSWebApp.csproj", "{23CE35DB-1F2E-47EA-97EB-4F508BF5E6FE}"
	ProjectSection(ProjectDependencies) = postProject
		{C1804B39-D1C4-4957-BD88-B4CFAA2982C5} = {C1804B39-D1C4-4957-BD88-B4CFAA2982C5}
	EndProjectSection
EndProject
Project("{FAE04EC0-301F-11D3-BF4B-00C04F79EFBC}") = "LTMSService", "LTMSService\LTMSService.csproj", "{C1804B39-D1C4-4957-BD88-B4CFAA2982C5}"
EndProject
Project("{FAE04EC0-301F-11D3-BF4B-00C04F79EFBC}") = "LTMSClass", "LTMSClass\LTMSClass.csproj", "{C229F697-B93A-42E9-9EE8-4CB478594652}"
EndProject
Project("{FAE04EC0-301F-11D3-BF4B-00C04F79EFBC}") = "SendMailTicket", "SendMailTicket\SendMailTicket.csproj", "{5ECECC2F-7844-418B-9C0D-F31A654612F1}"
EndProject
Global
	GlobalSection(SolutionConfigurationPlatforms) = preSolution
		Debug|Any CPU = Debug|Any CPU
		Debug|x64 = Debug|x64
		Debug|x86 = Debug|x86
		Release|Any CPU = Release|Any CPU
		Release|x64 = Release|x64
		Release|x86 = Release|x86
	EndGlobalSection
	GlobalSection(ProjectConfigurationPlatforms) = postSolution
		{23CE35DB-1F2E-47EA-97EB-4F508BF5E6FE}.Debug|Any CPU.ActiveCfg = Debug|Any CPU
		{23CE35DB-1F2E-47EA-97EB-4F508BF5E6FE}.Debug|Any CPU.Build.0 = Debug|Any CPU
		{23CE35DB-1F2E-47EA-97EB-4F508BF5E6FE}.Debug|x64.ActiveCfg = Debug|Any CPU
		{23CE35DB-1F2E-47EA-97EB-4F508BF5E6FE}.Debug|x64.Build.0 = Debug|Any CPU
		{23CE35DB-1F2E-47EA-97EB-4F508BF5E6FE}.Debug|x86.ActiveCfg = Debug|Any CPU
		{23CE35DB-1F2E-47EA-97EB-4F508BF5E6FE}.Release|Any CPU.ActiveCfg = Release|Any CPU
		{23CE35DB-1F2E-47EA-97EB-4F508BF5E6FE}.Release|Any CPU.Build.0 = Release|Any CPU
		{23CE35DB-1F2E-47EA-97EB-4F508BF5E6FE}.Release|x64.ActiveCfg = Release|Any CPU
		{23CE35DB-1F2E-47EA-97EB-4F508BF5E6FE}.Release|x86.ActiveCfg = Release|Any CPU
		{C1804B39-D1C4-4957-BD88-B4CFAA2982C5}.Debug|Any CPU.ActiveCfg = Debug|Any CPU
		{C1804B39-D1C4-4957-BD88-B4CFAA2982C5}.Debug|Any CPU.Build.0 = Debug|Any CPU
		{C1804B39-D1C4-4957-BD88-B4CFAA2982C5}.Debug|x64.ActiveCfg = Debug|Any CPU
		{C1804B39-D1C4-4957-BD88-B4CFAA2982C5}.Debug|x86.ActiveCfg = Debug|Any CPU
		{C1804B39-D1C4-4957-BD88-B4CFAA2982C5}.Release|Any CPU.ActiveCfg = Release|Any CPU
		{C1804B39-D1C4-4957-BD88-B4CFAA2982C5}.Release|Any CPU.Build.0 = Release|Any CPU
		{C1804B39-D1C4-4957-BD88-B4CFAA2982C5}.Release|x64.ActiveCfg = Release|Any CPU
		{C1804B39-D1C4-4957-BD88-B4CFAA2982C5}.Release|x86.ActiveCfg = Release|Any CPU
		{C229F697-B93A-42E9-9EE8-4CB478594652}.Debug|Any CPU.ActiveCfg = Debug|Any CPU
		{C229F697-B93A-42E9-9EE8-4CB478594652}.Debug|Any CPU.Build.0 = Debug|Any CPU
		{C229F697-B93A-42E9-9EE8-4CB478594652}.Debug|x64.ActiveCfg = Debug|Any CPU
		{C229F697-B93A-42E9-9EE8-4CB478594652}.Debug|x86.ActiveCfg = Debug|Any CPU
		{C229F697-B93A-42E9-9EE8-4CB478594652}.Release|Any CPU.ActiveCfg = Release|Any CPU
		{C229F697-B93A-42E9-9EE8-4CB478594652}.Release|Any CPU.Build.0 = Release|Any CPU
		{C229F697-B93A-42E9-9EE8-4CB478594652}.Release|x64.ActiveCfg = Release|Any CPU
		{C229F697-B93A-42E9-9EE8-4CB478594652}.Release|x86.ActiveCfg = Release|Any CPU
		{5ECECC2F-7844-418B-9C0D-F31A654612F1}.Debug|Any CPU.ActiveCfg = Debug|Any CPU
		{5ECECC2F-7844-418B-9C0D-F31A654612F1}.Debug|Any CPU.Build.0 = Debug|Any CPU
		{5ECECC2F-7844-418B-9C0D-F31A654612F1}.Debug|x64.ActiveCfg = Debug|Any CPU
		{5ECECC2F-7844-418B-9C0D-F31A654612F1}.Debug|x86.ActiveCfg = Debug|Any CPU
		{5ECECC2F-7844-418B-9C0D-F31A654612F1}.Release|Any CPU.ActiveCfg = Release|Any CPU
		{5ECECC2F-7844-418B-9C0D-F31A654612F1}.Release|Any CPU.Build.0 = Release|Any CPU
		{5ECECC2F-7844-418B-9C0D-F31A654612F1}.Release|x64.ActiveCfg = Release|Any CPU
		{5ECECC2F-7844-418B-9C0D-F31A654612F1}.Release|x86.ActiveCfg = Release|Any CPU
	EndGlobalSection
	GlobalSection(SolutionProperties) = preSolution
		HideSolutionNode = FALSE
	EndGlobalSection
EndGlobal
